
Microsoft Visual Studio Solution File, Format Version 12.00
# Visual Studio Version 17
VisualStudioVersion = 17.11.35327.3
MinimumVisualStudioVersion = 10.0.40219.1
Project("{FAE04EC0-301F-11D3-BF4B-00C04F79EFBC}") = "MovieReservation", "MovieReservation.csproj", "{8ED8C397-F768-46A4-9BE9-7AAA561599A1}"
EndProject
Global
	GlobalSection(SolutionConfigurationPlatforms) = preSolution
		Debug|Any CPU = Debug|Any CPU
		Release|Any CPU = Release|Any CPU
	EndGlobalSection
	GlobalSection(ProjectConfigurationPlatforms) = postSolution
		{8ED8C397-F768-46A4-9BE9-7AAA561599A1}.Debug|Any CPU.ActiveCfg = Debug|Any CPU
		{8ED8C397-F768-46A4-9BE9-7AAA561599A1}.Debug|Any CPU.Build.0 = Debug|Any CPU
		{8ED8C397-F768-46A4-9BE9-7AAA561599A1}.Release|Any CPU.ActiveCfg = Release|Any CPU
		{8ED8C397-F768-46A4-9BE9-7AAA561599A1}.Release|Any CPU.Build.0 = Release|Any CPU
	EndGlobalSection
	GlobalSection(SolutionProperties) = preSolution
		HideSolutionNode = FALSE
	EndGlobalSection
	GlobalSection(ExtensibilityGlobals) = postSolution
		SolutionGuid = {D14B7F82-27AA-483E-9155-77FB43F57083}
	EndGlobalSection
EndGlobal
